# This file is automatically @generated by Cargo.
# It is not intended for manual editing.
[[package]]
name = "arguments"
version = "0.6.2"
source = "registry+https://github.com/rust-lang/crates.io-index"
dependencies = [
 "options 0.5.1 (registry+https://github.com/rust-lang/crates.io-index)",
]

[[package]]
name = "autocfg"
version = "0.1.6"
source = "registry+https://github.com/rust-lang/crates.io-index"

[[package]]
name = "dwt"
version = "0.5.2"
source = "registry+https://github.com/rust-lang/crates.io-index"
dependencies = [
 "num-traits 0.1.43 (registry+https://github.com/rust-lang/crates.io-index)",
]

[[package]]
name = "fractal"
version = "0.7.1"
source = "registry+https://github.com/rust-lang/crates.io-index"
dependencies = [
 "dwt 0.5.2 (registry+https://github.com/rust-lang/crates.io-index)",
 "probability 0.17.0 (registry+https://github.com/rust-lang/crates.io-index)",
 "statistics 0.4.1 (registry+https://github.com/rust-lang/crates.io-index)",
]

[[package]]
name = "libc"
version = "0.2.62"
source = "registry+https://github.com/rust-lang/crates.io-index"

[[package]]
name = "mina"
version = "0.0.1"
dependencies = [
 "arguments 0.6.2 (registry+https://github.com/rust-lang/crates.io-index)",
 "fractal 0.7.1 (registry+https://github.com/rust-lang/crates.io-index)",
 "probability 0.17.0 (registry+https://github.com/rust-lang/crates.io-index)",
 "random 0.12.2 (registry+https://github.com/rust-lang/crates.io-index)",
]

[[package]]
name = "num-traits"
version = "0.1.43"
source = "registry+https://github.com/rust-lang/crates.io-index"
dependencies = [
 "num-traits 0.2.8 (registry+https://github.com/rust-lang/crates.io-index)",
]

[[package]]
name = "num-traits"
version = "0.2.8"
source = "registry+https://github.com/rust-lang/crates.io-index"
dependencies = [
 "autocfg 0.1.6 (registry+https://github.com/rust-lang/crates.io-index)",
]

[[package]]
name = "options"
version = "0.5.1"
source = "registry+https://github.com/rust-lang/crates.io-index"

[[package]]
name = "probability"
version = "0.17.0"
source = "registry+https://github.com/rust-lang/crates.io-index"
dependencies = [
 "random 0.12.2 (registry+https://github.com/rust-lang/crates.io-index)",
 "special 0.8.1 (registry+https://github.com/rust-lang/crates.io-index)",
]

[[package]]
name = "random"
version = "0.12.2"
source = "registry+https://github.com/rust-lang/crates.io-index"

[[package]]
name = "special"
version = "0.8.1"
source = "registry+https://github.com/rust-lang/crates.io-index"
dependencies = [
 "libc 0.2.62 (registry+https://github.com/rust-lang/crates.io-index)",
]

[[package]]
name = "statistics"
version = "0.4.1"
source = "registry+https://github.com/rust-lang/crates.io-index"

[metadata]
"checksum arguments 0.6.2 (registry+https://github.com/rust-lang/crates.io-index)" = "ef446ba94fd640b51609759f5280d5d2927386b58a1a4946594b4145f5d4a4c8"
"checksum autocfg 0.1.6 (registry+https://github.com/rust-lang/crates.io-index)" = "b671c8fb71b457dd4ae18c4ba1e59aa81793daacc361d82fcd410cef0d491875"
"checksum dwt 0.5.2 (registry+https://github.com/rust-lang/crates.io-index)" = "537fc1f78e72b8d14a7fd0d918996a3a33220149b89ef88864256af2f5b25c3f"
"checksum fractal 0.7.1 (registry+https://github.com/rust-lang/crates.io-index)" = "3da113d6ea1b18a945975e565c2e6a8d9eaeebd3e9ebec112205da64b52510eb"
"checksum libc 0.2.62 (registry+https://github.com/rust-lang/crates.io-index)" = "34fcd2c08d2f832f376f4173a231990fa5aef4e99fb569867318a227ef4c06ba"
"checksum num-traits 0.1.43 (registry+https://github.com/rust-lang/crates.io-index)" = "92e5113e9fd4cc14ded8e499429f396a20f98c772a47cc8622a736e1ec843c31"
"checksum num-traits 0.2.8 (registry+https://github.com/rust-lang/crates.io-index)" = "6ba9a427cfca2be13aa6f6403b0b7e7368fe982bfa16fccc450ce74c46cd9b32"
"checksum options 0.5.1 (registry+https://github.com/rust-lang/crates.io-index)" = "7cae662c78308e9d468ee0548cd8852e66a9b4a945c16ddcc6eed3dd9ef14cb0"
"checksum probability 0.17.0 (registry+https://github.com/rust-lang/crates.io-index)" = "01935a29f0dd293b7d0254144168084cc8ada317b107635c777fb7d0fb5120e5"
"checksum random 0.12.2 (registry+https://github.com/rust-lang/crates.io-index)" = "97d13a3485349981c90c79112a11222c3e6e75de1d52b87a7525b3bf5361420f"
"checksum special 0.8.1 (registry+https://github.com/rust-lang/crates.io-index)" = "24a65e074159b75dcf173a4733ab2188baac24967b5c8ec9ed87ae15fcbc7636"
"checksum statistics 0.4.1 (registry+https://github.com/rust-lang/crates.io-index)" = "3f4628c807954468b720f27d8863a5447d328378cbb874d633f6c4e952073acf"
